
Microsoft Visual Studio Solution File, Format Version 12.00
# Visual Studio Version 16
VisualStudioVersion = 16.0.30011.22
MinimumVisualStudioVersion = 10.0.40219.1
Project("{888888A0-9F3D-457C-B088-3A5042F75D52}") = "PythonImport", "PythonImporst\PythonImport.pyproj", "{BBAE204F-C973-4993-87C9-1269330E04DA}"
EndProject
Global
	GlobalSection(SolutionConfigurationPlatforms) = preSolution
		Debug|Any CPU = Debug|Any CPU
		Release|Any CPU = Release|Any CPU
	EndGlobalSection
	GlobalSection(ProjectConfigurationPlatforms) = postSolution
		{BBAE204F-C973-4993-87C9-1269330E04DA}.Debug|Any CPU.ActiveCfg = Debug|Any CPU
		{BBAE204F-C973-4993-87C9-1269330E04DA}.Release|Any CPU.ActiveCfg = Release|Any CPU
	EndGlobalSection
	GlobalSection(SolutionProperties) = preSolution
		HideSolutionNode = FALSE
	EndGlobalSection
	GlobalSection(ExtensibilityGlobals) = postSolution
		SolutionGuid = {334AB95E-EBC8-48E3-A822-C79B540D7331}
	EndGlobalSection
EndGlobal
